
Microsoft Visual Studio Solution File, Format Version 12.00
# Visual Studio 15
VisualStudioVersion = 15.0.27130.2036
MinimumVisualStudioVersion = 10.0.40219.1
Project("{FAE04EC0-301F-11D3-BF4B-00C04F79EFBC}") = "RushHour2.Citizens", "RushHour2.Citizens\RushHour2.Citizens.csproj", "{622AEDE5-DF49-4C06-B29A-32B5F5590E17}"
EndProject
Project("{9A19103F-16F7-4668-BE54-9A1E7A4F7556}") = "Harmony", "Harmony\Harmony\Harmony.csproj", "{C6AFCEDB-8E3D-4289-BEE9-8FE97B0885FB}"
EndProject
Project("{2150E333-8FDC-42A3-9474-1A3956D46DE8}") = "Rush Hour 2", "Rush Hour 2", "{E8B96F2D-D72F-4862-AE4B-E0BB56504150}"
EndProject
Project("{FAE04EC0-301F-11D3-BF4B-00C04F79EFBC}") = "RushHour2.Mod", "RushHour2.Mod\RushHour2.Mod.csproj", "{5814F6B5-2C0D-45E4-AE42-AEB349453DA0}"
EndProject
Project("{FAE04EC0-301F-11D3-BF4B-00C04F79EFBC}") = "RushHour2.Core", "RushHour2.Core\RushHour2.Core.csproj", "{E16EE6BF-300F-4D6F-AB88-6F6E00FA34EC}"
EndProject
Project("{FAE04EC0-301F-11D3-BF4B-00C04F79EFBC}") = "RushHour2.Patches", "RushHour2.Patches\RushHour2.Patches.csproj", "{86C9A0EE-B766-46F9-8819-DD35058F90F1}"
EndProject
Project("{FAE04EC0-301F-11D3-BF4B-00C04F79EFBC}") = "RushHour2.Buildings", "RushHour2.Buildings\RushHour2.Buildings.csproj", "{2D3CE375-60A5-4187-8DAC-AD33F6FC7042}"
EndProject
Project("{FAE04EC0-301F-11D3-BF4B-00C04F79EFBC}") = "RushHour2.UI", "RushHour2.UI\RushHour2.UI.csproj", "{D6EBC65A-0D79-41C7-BA98-A1D45C021B5E}"
EndProject
Global
	GlobalSection(SolutionConfigurationPlatforms) = preSolution
		Debug|Any CPU = Debug|Any CPU
		Debug|x64 = Debug|x64
		Debug-3.5|Any CPU = Debug-3.5|Any CPU
		Debug-3.5|x64 = Debug-3.5|x64
		Debug-4.7.1|Any CPU = Debug-4.7.1|Any CPU
		Debug-4.7.1|x64 = Debug-4.7.1|x64
		Release|Any CPU = Release|Any CPU
		Release|x64 = Release|x64
		Release-3.5|Any CPU = Release-3.5|Any CPU
		Release-3.5|x64 = Release-3.5|x64
		Release-4.7.1|Any CPU = Release-4.7.1|Any CPU
		Release-4.7.1|x64 = Release-4.7.1|x64
	EndGlobalSection
	GlobalSection(ProjectConfigurationPlatforms) = postSolution
		{622AEDE5-DF49-4C06-B29A-32B5F5590E17}.Debug|Any CPU.ActiveCfg = Debug|Any CPU
		{622AEDE5-DF49-4C06-B29A-32B5F5590E17}.Debug|Any CPU.Build.0 = Debug|Any CPU
		{622AEDE5-DF49-4C06-B29A-32B5F5590E17}.Debug|x64.ActiveCfg = Debug|x64
		{622AEDE5-DF49-4C06-B29A-32B5F5590E17}.Debug|x64.Build.0 = Debug|x64
		{622AEDE5-DF49-4C06-B29A-32B5F5590E17}.Debug-3.5|Any CPU.ActiveCfg = Debug|Any CPU
		{622AEDE5-DF49-4C06-B29A-32B5F5590E17}.Debug-3.5|Any CPU.Build.0 = Debug|Any CPU
		{622AEDE5-DF49-4C06-B29A-32B5F5590E17}.Debug-3.5|x64.ActiveCfg = Debug|x64
		{622AEDE5-DF49-4C06-B29A-32B5F5590E17}.Debug-3.5|x64.Build.0 = Debug|x64
		{622AEDE5-DF49-4C06-B29A-32B5F5590E17}.Debug-4.7.1|Any CPU.ActiveCfg = Debug|Any CPU
		{622AEDE5-DF49-4C06-B29A-32B5F5590E17}.Debug-4.7.1|Any CPU.Build.0 = Debug|Any CPU
		{622AEDE5-DF49-4C06-B29A-32B5F5590E17}.Debug-4.7.1|x64.ActiveCfg = Debug|x64
		{622AEDE5-DF49-4C06-B29A-32B5F5590E17}.Debug-4.7.1|x64.Build.0 = Debug|x64
		{622AEDE5-DF49-4C06-B29A-32B5F5590E17}.Release|Any CPU.ActiveCfg = Release|Any CPU
		{622AEDE5-DF49-4C06-B29A-32B5F5590E17}.Release|Any CPU.Build.0 = Release|Any CPU
		{622AEDE5-DF49-4C06-B29A-32B5F5590E17}.Release|x64.ActiveCfg = Release|x64
		{622AEDE5-DF49-4C06-B29A-32B5F5590E17}.Release|x64.Build.0 = Release|x64
		{622AEDE5-DF49-4C06-B29A-32B5F5590E17}.Release-3.5|Any CPU.ActiveCfg = Release|Any CPU
		{622AEDE5-DF49-4C06-B29A-32B5F5590E17}.Release-3.5|Any CPU.Build.0 = Release|Any CPU
		{622AEDE5-DF49-4C06-B29A-32B5F5590E17}.Release-3.5|x64.ActiveCfg = Release|x64
		{622AEDE5-DF49-4C06-B29A-32B5F5590E17}.Release-3.5|x64.Build.0 = Release|x64
		{622AEDE5-DF49-4C06-B29A-32B5F5590E17}.Release-4.7.1|Any CPU.ActiveCfg = Release|Any CPU
		{622AEDE5-DF49-4C06-B29A-32B5F5590E17}.Release-4.7.1|Any CPU.Build.0 = Release|Any CPU
		{622AEDE5-DF49-4C06-B29A-32B5F5590E17}.Release-4.7.1|x64.ActiveCfg = Release|x64
		{622AEDE5-DF49-4C06-B29A-32B5F5590E17}.Release-4.7.1|x64.Build.0 = Release|x64
		{C6AFCEDB-8E3D-4289-BEE9-8FE97B0885FB}.Debug|Any CPU.ActiveCfg = Debug-3.5|Any CPU
		{C6AFCEDB-8E3D-4289-BEE9-8FE97B0885FB}.Debug|Any CPU.Build.0 = Debug-3.5|Any CPU
		{C6AFCEDB-8E3D-4289-BEE9-8FE97B0885FB}.Debug|x64.ActiveCfg = Debug-4.7.1|Any CPU
		{C6AFCEDB-8E3D-4289-BEE9-8FE97B0885FB}.Debug|x64.Build.0 = Debug-4.7.1|Any CPU
		{C6AFCEDB-8E3D-4289-BEE9-8FE97B0885FB}.Debug-3.5|Any CPU.ActiveCfg = Debug-3.5|Any CPU
		{C6AFCEDB-8E3D-4289-BEE9-8FE97B0885FB}.Debug-3.5|Any CPU.Build.0 = Debug-3.5|Any CPU
		{C6AFCEDB-8E3D-4289-BEE9-8FE97B0885FB}.Debug-3.5|x64.ActiveCfg = Debug-3.5|Any CPU
		{C6AFCEDB-8E3D-4289-BEE9-8FE97B0885FB}.Debug-3.5|x64.Build.0 = Debug-3.5|Any CPU
		{C6AFCEDB-8E3D-4289-BEE9-8FE97B0885FB}.Debug-4.7.1|Any CPU.ActiveCfg = Debug-4.7.1|Any CPU
		{C6AFCEDB-8E3D-4289-BEE9-8FE97B0885FB}.Debug-4.7.1|Any CPU.Build.0 = Debug-4.7.1|Any CPU
		{C6AFCEDB-8E3D-4289-BEE9-8FE97B0885FB}.Debug-4.7.1|x64.ActiveCfg = Debug-4.7.1|Any CPU
		{C6AFCEDB-8E3D-4289-BEE9-8FE97B0885FB}.Debug-4.7.1|x64.Build.0 = Debug-4.7.1|Any CPU
		{C6AFCEDB-8E3D-4289-BEE9-8FE97B0885FB}.Release|Any CPU.ActiveCfg = Release-3.5|Any CPU
		{C6AFCEDB-8E3D-4289-BEE9-8FE97B0885FB}.Release|Any CPU.Build.0 = Release-3.5|Any CPU
		{C6AFCEDB-8E3D-4289-BEE9-8FE97B0885FB}.Release|x64.ActiveCfg = Release-4.7.1|Any CPU
		{C6AFCEDB-8E3D-4289-BEE9-8FE97B0885FB}.Release|x64.Build.0 = Release-4.7.1|Any CPU
		{C6AFCEDB-8E3D-4289-BEE9-8FE97B0885FB}.Release-3.5|Any CPU.ActiveCfg = Release-3.5|Any CPU
		{C6AFCEDB-8E3D-4289-BEE9-8FE97B0885FB}.Release-3.5|Any CPU.Build.0 = Release-3.5|Any CPU
		{C6AFCEDB-8E3D-4289-BEE9-8FE97B0885FB}.Release-3.5|x64.ActiveCfg = Release-3.5|Any CPU
		{C6AFCEDB-8E3D-4289-BEE9-8FE97B0885FB}.Release-3.5|x64.Build.0 = Release-3.5|Any CPU
		{C6AFCEDB-8E3D-4289-BEE9-8FE97B0885FB}.Release-4.7.1|Any CPU.ActiveCfg = Release-4.7.1|Any CPU
		{C6AFCEDB-8E3D-4289-BEE9-8FE97B0885FB}.Release-4.7.1|Any CPU.Build.0 = Release-4.7.1|Any CPU
		{C6AFCEDB-8E3D-4289-BEE9-8FE97B0885FB}.Release-4.7.1|x64.ActiveCfg = Release-4.7.1|Any CPU
		{C6AFCEDB-8E3D-4289-BEE9-8FE97B0885FB}.Release-4.7.1|x64.Build.0 = Release-4.7.1|Any CPU
		{5814F6B5-2C0D-45E4-AE42-AEB349453DA0}.Debug|Any CPU.ActiveCfg = Debug|Any CPU
		{5814F6B5-2C0D-45E4-AE42-AEB349453DA0}.Debug|Any CPU.Build.0 = Debug|Any CPU
		{5814F6B5-2C0D-45E4-AE42-AEB349453DA0}.Debug|x64.ActiveCfg = Debug|Any CPU
		{5814F6B5-2C0D-45E4-AE42-AEB349453DA0}.Debug|x64.Build.0 = Debug|Any CPU
		{5814F6B5-2C0D-45E4-AE42-AEB349453DA0}.Debug-3.5|Any CPU.ActiveCfg = Debug|Any CPU
		{5814F6B5-2C0D-45E4-AE42-AEB349453DA0}.Debug-3.5|Any CPU.Build.0 = Debug|Any CPU
		{5814F6B5-2C0D-45E4-AE42-AEB349453DA0}.Debug-3.5|x64.ActiveCfg = Debug|Any CPU
		{5814F6B5-2C0D-45E4-AE42-AEB349453DA0}.Debug-3.5|x64.Build.0 = Debug|Any CPU
		{5814F6B5-2C0D-45E4-AE42-AEB349453DA0}.Debug-4.7.1|Any CPU.ActiveCfg = Debug|Any CPU
		{5814F6B5-2C0D-45E4-AE42-AEB349453DA0}.Debug-4.7.1|Any CPU.Build.0 = Debug|Any CPU
		{5814F6B5-2C0D-45E4-AE42-AEB349453DA0}.Debug-4.7.1|x64.ActiveCfg = Debug|Any CPU
		{5814F6B5-2C0D-45E4-AE42-AEB349453DA0}.Debug-4.7.1|x64.Build.0 = Debug|Any CPU
		{5814F6B5-2C0D-45E4-AE42-AEB349453DA0}.Release|Any CPU.ActiveCfg = Release|Any CPU
		{5814F6B5-2C0D-45E4-AE42-AEB349453DA0}.Release|Any CPU.Build.0 = Release|Any CPU
		{5814F6B5-2C0D-45E4-AE42-AEB349453DA0}.Release|x64.ActiveCfg = Release|Any CPU
		{5814F6B5-2C0D-45E4-AE42-AEB349453DA0}.Release|x64.Build.0 = Release|Any CPU
		{5814F6B5-2C0D-45E4-AE42-AEB349453DA0}.Release-3.5|Any CPU.ActiveCfg = Release|Any CPU
		{5814F6B5-2C0D-45E4-AE42-AEB349453DA0}.Release-3.5|Any CPU.Build.0 = Release|Any CPU
		{5814F6B5-2C0D-45E4-AE42-AEB349453DA0}.Release-3.5|x64.ActiveCfg = Release|Any CPU
		{5814F6B5-2C0D-45E4-AE42-AEB349453DA0}.Release-3.5|x64.Build.0 = Release|Any CPU
		{5814F6B5-2C0D-45E4-AE42-AEB349453DA0}.Release-4.7.1|Any CPU.ActiveCfg = Release|Any CPU
		{5814F6B5-2C0D-45E4-AE42-AEB349453DA0}.Release-4.7.1|Any CPU.Build.0 = Release|Any CPU
		{5814F6B5-2C0D-45E4-AE42-AEB349453DA0}.Release-4.7.1|x64.ActiveCfg = Release|Any CPU
		{5814F6B5-2C0D-45E4-AE42-AEB349453DA0}.Release-4.7.1|x64.Build.0 = Release|Any CPU
		{E16EE6BF-300F-4D6F-AB88-6F6E00FA34EC}.Debug|Any CPU.ActiveCfg = Debug|Any CPU
		{E16EE6BF-300F-4D6F-AB88-6F6E00FA34EC}.Debug|Any CPU.Build.0 = Debug|Any CPU
		{E16EE6BF-300F-4D6F-AB88-6F6E00FA34EC}.Debug|x64.ActiveCfg = Debug|x64
		{E16EE6BF-300F-4D6F-AB88-6F6E00FA34EC}.Debug|x64.Build.0 = Debug|x64
		{E16EE6BF-300F-4D6F-AB88-6F6E00FA34EC}.Debug-3.5|Any CPU.ActiveCfg = Debug|Any CPU
		{E16EE6BF-300F-4D6F-AB88-6F6E00FA34EC}.Debug-3.5|Any CPU.Build.0 = Debug|Any CPU
		{E16EE6BF-300F-4D6F-AB88-6F6E00FA34EC}.Debug-3.5|x64.ActiveCfg = Debug|x64
		{E16EE6BF-300F-4D6F-AB88-6F6E00FA34EC}.Debug-3.5|x64.Build.0 = Debug|x64
		{E16EE6BF-300F-4D6F-AB88-6F6E00FA34EC}.Debug-4.7.1|Any CPU.ActiveCfg = Debug|Any CPU
		{E16EE6BF-300F-4D6F-AB88-6F6E00FA34EC}.Debug-4.7.1|Any CPU.Build.0 = Debug|Any CPU
		{E16EE6BF-300F-4D6F-AB88-6F6E00FA34EC}.Debug-4.7.1|x64.ActiveCfg = Debug|x64
		{E16EE6BF-300F-4D6F-AB88-6F6E00FA34EC}.Debug-4.7.1|x64.Build.0 = Debug|x64
		{E16EE6BF-300F-4D6F-AB88-6F6E00FA34EC}.Release|Any CPU.ActiveCfg = Release|Any CPU
		{E16EE6BF-300F-4D6F-AB88-6F6E00FA34EC}.Release|Any CPU.Build.0 = Release|Any CPU
		{E16EE6BF-300F-4D6F-AB88-6F6E00FA34EC}.Release|x64.ActiveCfg = Release|x64
		{E16EE6BF-300F-4D6F-AB88-6F6E00FA34EC}.Release|x64.Build.0 = Release|x64
		{E16EE6BF-300F-4D6F-AB88-6F6E00FA34EC}.Release-3.5|Any CPU.ActiveCfg = Release|Any CPU
		{E16EE6BF-300F-4D6F-AB88-6F6E00FA34EC}.Release-3.5|Any CPU.Build.0 = Release|Any CPU
		{E16EE6BF-300F-4D6F-AB88-6F6E00FA34EC}.Release-3.5|x64.ActiveCfg = Release|x64
		{E16EE6BF-300F-4D6F-AB88-6F6E00FA34EC}.Release-3.5|x64.Build.0 = Release|x64
		{E16EE6BF-300F-4D6F-AB88-6F6E00FA34EC}.Release-4.7.1|Any CPU.ActiveCfg = Release|Any CPU
		{E16EE6BF-300F-4D6F-AB88-6F6E00FA34EC}.Release-4.7.1|Any CPU.Build.0 = Release|Any CPU
		{E16EE6BF-300F-4D6F-AB88-6F6E00FA34EC}.Release-4.7.1|x64.ActiveCfg = Release|x64
		{E16EE6BF-300F-4D6F-AB88-6F6E00FA34EC}.Release-4.7.1|x64.Build.0 = Release|x64
		{86C9A0EE-B766-46F9-8819-DD35058F90F1}.Debug|Any CPU.ActiveCfg = Debug|Any CPU
		{86C9A0EE-B766-46F9-8819-DD35058F90F1}.Debug|Any CPU.Build.0 = Debug|Any CPU
		{86C9A0EE-B766-46F9-8819-DD35058F90F1}.Debug|x64.ActiveCfg = Debug|Any CPU
		{86C9A0EE-B766-46F9-8819-DD35058F90F1}.Debug|x64.Build.0 = Debug|Any CPU
		{86C9A0EE-B766-46F9-8819-DD35058F90F1}.Debug-3.5|Any CPU.ActiveCfg = Debug|Any CPU
		{86C9A0EE-B766-46F9-8819-DD35058F90F1}.Debug-3.5|Any CPU.Build.0 = Debug|Any CPU
		{86C9A0EE-B766-46F9-8819-DD35058F90F1}.Debug-3.5|x64.ActiveCfg = Debug|Any CPU
		{86C9A0EE-B766-46F9-8819-DD35058F90F1}.Debug-3.5|x64.Build.0 = Debug|Any CPU
		{86C9A0EE-B766-46F9-8819-DD35058F90F1}.Debug-4.7.1|Any CPU.ActiveCfg = Debug|Any CPU
		{86C9A0EE-B766-46F9-8819-DD35058F90F1}.Debug-4.7.1|Any CPU.Build.0 = Debug|Any CPU
		{86C9A0EE-B766-46F9-8819-DD35058F90F1}.Debug-4.7.1|x64.ActiveCfg = Debug|Any CPU
		{86C9A0EE-B766-46F9-8819-DD35058F90F1}.Debug-4.7.1|x64.Build.0 = Debug|Any CPU
		{86C9A0EE-B766-46F9-8819-DD35058F90F1}.Release|Any CPU.ActiveCfg = Release|Any CPU
		{86C9A0EE-B766-46F9-8819-DD35058F90F1}.Release|Any CPU.Build.0 = Release|Any CPU
		{86C9A0EE-B766-46F9-8819-DD35058F90F1}.Release|x64.ActiveCfg = Release|Any CPU
		{86C9A0EE-B766-46F9-8819-DD35058F90F1}.Release|x64.Build.0 = Release|Any CPU
		{86C9A0EE-B766-46F9-8819-DD35058F90F1}.Release-3.5|Any CPU.ActiveCfg = Release|Any CPU
		{86C9A0EE-B766-46F9-8819-DD35058F90F1}.Release-3.5|Any CPU.Build.0 = Release|Any CPU
		{86C9A0EE-B766-46F9-8819-DD35058F90F1}.Release-3.5|x64.ActiveCfg = Release|Any CPU
		{86C9A0EE-B766-46F9-8819-DD35058F90F1}.Release-3.5|x64.Build.0 = Release|Any CPU
		{86C9A0EE-B766-46F9-8819-DD35058F90F1}.Release-4.7.1|Any CPU.ActiveCfg = Release|Any CPU
		{86C9A0EE-B766-46F9-8819-DD35058F90F1}.Release-4.7.1|Any CPU.Build.0 = Release|Any CPU
		{86C9A0EE-B766-46F9-8819-DD35058F90F1}.Release-4.7.1|x64.ActiveCfg = Release|Any CPU
		{86C9A0EE-B766-46F9-8819-DD35058F90F1}.Release-4.7.1|x64.Build.0 = Release|Any CPU
		{2D3CE375-60A5-4187-8DAC-AD33F6FC7042}.Debug|Any CPU.ActiveCfg = Debug|Any CPU
		{2D3CE375-60A5-4187-8DAC-AD33F6FC7042}.Debug|Any CPU.Build.0 = Debug|Any CPU
		{2D3CE375-60A5-4187-8DAC-AD33F6FC7042}.Debug|x64.ActiveCfg = Debug|x64
		{2D3CE375-60A5-4187-8DAC-AD33F6FC7042}.Debug|x64.Build.0 = Debug|x64
		{2D3CE375-60A5-4187-8DAC-AD33F6FC7042}.Debug-3.5|Any CPU.ActiveCfg = Debug|Any CPU
		{2D3CE375-60A5-4187-8DAC-AD33F6FC7042}.Debug-3.5|Any CPU.Build.0 = Debug|Any CPU
		{2D3CE375-60A5-4187-8DAC-AD33F6FC7042}.Debug-3.5|x64.ActiveCfg = Debug|x64
		{2D3CE375-60A5-4187-8DAC-AD33F6FC7042}.Debug-3.5|x64.Build.0 = Debug|x64
		{2D3CE375-60A5-4187-8DAC-AD33F6FC7042}.Debug-4.7.1|Any CPU.ActiveCfg = Debug|Any CPU
		{2D3CE375-60A5-4187-8DAC-AD33F6FC7042}.Debug-4.7.1|Any CPU.Build.0 = Debug|Any CPU
		{2D3CE375-60A5-4187-8DAC-AD33F6FC7042}.Debug-4.7.1|x64.ActiveCfg = Debug|x64
		{2D3CE375-60A5-4187-8DAC-AD33F6FC7042}.Debug-4.7.1|x64.Build.0 = Debug|x64
		{2D3CE375-60A5-4187-8DAC-AD33F6FC7042}.Release|Any CPU.ActiveCfg = Release|Any CPU
		{2D3CE375-60A5-4187-8DAC-AD33F6FC7042}.Release|Any CPU.Build.0 = Release|Any CPU
		{2D3CE375-60A5-4187-8DAC-AD33F6FC7042}.Release|x64.ActiveCfg = Release|x64
		{2D3CE375-60A5-4187-8DAC-AD33F6FC7042}.Release|x64.Build.0 = Release|x64
		{2D3CE375-60A5-4187-8DAC-AD33F6FC7042}.Release-3.5|Any CPU.ActiveCfg = Release|Any CPU
		{2D3CE375-60A5-4187-8DAC-AD33F6FC7042}.Release-3.5|Any CPU.Build.0 = Release|Any CPU
		{2D3CE375-60A5-4187-8DAC-AD33F6FC7042}.Release-3.5|x64.ActiveCfg = Release|x64
		{2D3CE375-60A5-4187-8DAC-AD33F6FC7042}.Release-3.5|x64.Build.0 = Release|x64
		{2D3CE375-60A5-4187-8DAC-AD33F6FC7042}.Release-4.7.1|Any CPU.ActiveCfg = Release|Any CPU
		{2D3CE375-60A5-4187-8DAC-AD33F6FC7042}.Release-4.7.1|Any CPU.Build.0 = Release|Any CPU
		{2D3CE375-60A5-4187-8DAC-AD33F6FC7042}.Release-4.7.1|x64.ActiveCfg = Release|x64
		{2D3CE375-60A5-4187-8DAC-AD33F6FC7042}.Release-4.7.1|x64.Build.0 = Release|x64
		{D6EBC65A-0D79-41C7-BA98-A1D45C021B5E}.Debug|Any CPU.ActiveCfg = Debug|Any CPU
		{D6EBC65A-0D79-41C7-BA98-A1D45C021B5E}.Debug|Any CPU.Build.0 = Debug|Any CPU
		{D6EBC65A-0D79-41C7-BA98-A1D45C021B5E}.Debug|x64.ActiveCfg = Debug|x64
		{D6EBC65A-0D79-41C7-BA98-A1D45C021B5E}.Debug|x64.Build.0 = Debug|x64
		{D6EBC65A-0D79-41C7-BA98-A1D45C021B5E}.Debug-3.5|Any CPU.ActiveCfg = Debug|Any CPU
		{D6EBC65A-0D79-41C7-BA98-A1D45C021B5E}.Debug-3.5|Any CPU.Build.0 = Debug|Any CPU
		{D6EBC65A-0D79-41C7-BA98-A1D45C021B5E}.Debug-3.5|x64.ActiveCfg = Debug|x64
		{D6EBC65A-0D79-41C7-BA98-A1D45C021B5E}.Debug-3.5|x64.Build.0 = Debug|x64
		{D6EBC65A-0D79-41C7-BA98-A1D45C021B5E}.Debug-4.7.1|Any CPU.ActiveCfg = Debug|Any CPU
		{D6EBC65A-0D79-41C7-BA98-A1D45C021B5E}.Debug-4.7.1|Any CPU.Build.0 = Debug|Any CPU
		{D6EBC65A-0D79-41C7-BA98-A1D45C021B5E}.Debug-4.7.1|x64.ActiveCfg = Debug|x64
		{D6EBC65A-0D79-41C7-BA98-A1D45C021B5E}.Debug-4.7.1|x64.Build.0 = Debug|x64
		{D6EBC65A-0D79-41C7-BA98-A1D45C021B5E}.Release|Any CPU.ActiveCfg = Release|Any CPU
		{D6EBC65A-0D79-41C7-BA98-A1D45C021B5E}.Release|Any CPU.Build.0 = Release|Any CPU
		{D6EBC65A-0D79-41C7-BA98-A1D45C021B5E}.Release|x64.ActiveCfg = Release|x64
		{D6EBC65A-0D79-41C7-BA98-A1D45C021B5E}.Release|x64.Build.0 = Release|x64
		{D6EBC65A-0D79-41C7-BA98-A1D45C021B5E}.Release-3.5|Any CPU.ActiveCfg = Release|Any CPU
		{D6EBC65A-0D79-41C7-BA98-A1D45C021B5E}.Release-3.5|Any CPU.Build.0 = Release|Any CPU
		{D6EBC65A-0D79-41C7-BA98-A1D45C021B5E}.Release-3.5|x64.ActiveCfg = Release|x64
		{D6EBC65A-0D79-41C7-BA98-A1D45C021B5E}.Release-3.5|x64.Build.0 = Release|x64
		{D6EBC65A-0D79-41C7-BA98-A1D45C021B5E}.Release-4.7.1|Any CPU.ActiveCfg = Release|Any CPU
		{D6EBC65A-0D79-41C7-BA98-A1D45C021B5E}.Release-4.7.1|Any CPU.Build.0 = Release|Any CPU
		{D6EBC65A-0D79-41C7-BA98-A1D45C021B5E}.Release-4.7.1|x64.ActiveCfg = Release|x64
		{D6EBC65A-0D79-41C7-BA98-A1D45C021B5E}.Release-4.7.1|x64.Build.0 = Release|x64
	EndGlobalSection
	GlobalSection(SolutionProperties) = preSolution
		HideSolutionNode = FALSE
	EndGlobalSection
	GlobalSection(NestedProjects) = preSolution
		{622AEDE5-DF49-4C06-B29A-32B5F5590E17} = {E8B96F2D-D72F-4862-AE4B-E0BB56504150}
		{5814F6B5-2C0D-45E4-AE42-AEB349453DA0} = {E8B96F2D-D72F-4862-AE4B-E0BB56504150}
		{E16EE6BF-300F-4D6F-AB88-6F6E00FA34EC} = {E8B96F2D-D72F-4862-AE4B-E0BB56504150}
		{86C9A0EE-B766-46F9-8819-DD35058F90F1} = {E8B96F2D-D72F-4862-AE4B-E0BB56504150}
		{2D3CE375-60A5-4187-8DAC-AD33F6FC7042} = {E8B96F2D-D72F-4862-AE4B-E0BB56504150}
		{D6EBC65A-0D79-41C7-BA98-A1D45C021B5E} = {E8B96F2D-D72F-4862-AE4B-E0BB56504150}
	EndGlobalSection
	GlobalSection(ExtensibilityGlobals) = postSolution
		SolutionGuid = {F9B6CC23-1761-41FA-B31D-DD432EE64830}
	EndGlobalSection
EndGlobal
